NeoBundleLock ctrlp.vim b5d3fe66a58a13d2ff8b6391f4387608496a030f
NeoBundleLock neobundle.vim 1fb9010a1eb22d0e11bd853d4b8280b2fffb43f0
NeoBundleLock nerdtree 0b44415a3302030b56755cc1135ca9ca57dc1ada
NeoBundleLock nerdtree-git-plugin 932552ee295971cfb202c3b360319cb56e4ba6f0
NeoBundleLock python-syntax 10d2c07687b611b7c647ad09b8b86ed968819dbd
NeoBundleLock syntastic 50d0315835047c35a1f6f6edf214e612d6eae3dd
NeoBundleLock tcomment_vim e5da693f339a9cfeab411c5658156ab5bfed6e30
NeoBundleLock tlib_vim e6830e5fe7a10759a4d9d5d1f2334746b9bd89d7
NeoBundleLock tomorrow-night.vim bf8b076fef3a36a34dac011bda94925729116db2
NeoBundleLock vim-addon-mw-utils 0c5612fa31ee434ba055e21c76f456244b3b5109
NeoBundleLock vim-airline cdc6d98a09db60d3dda58815616f78338cbdaa9d
NeoBundleLock vim-fugitive b7b23001def8d2ae816ff6dd772cd50976189e0e
NeoBundleLock vim-gitgutter 1067294cdc379be1deb56074a093b49a8303308f
NeoBundleLock vim-puppet d881b93dc4a8ed1374ad44439aeeb47808a6b91a
NeoBundleLock vim-snipmate e2d294b3962acbe7d8333bade2ebdb0ccde06740
NeoBundleLock vim-snippets 691c99cc3ae13595c0bce73964de52981ecd86de
